// !$*UTF8*$!
{
	archiveVersion = 1;
	classes = {
	};
	objectVersion = 46;
	objects = {

/* Begin PBXBuildFile section */
		5A4E2CDD1D11411B00FB7C96 /* Animator.swift in Sources */ = {isa = PBXBuildFile; fileRef = 5A4E2CD81D11411B00FB7C96 /* Animator.swift */; };
		5A4E2CDE1D11411B00FB7C96 /* Info.plist in Resources */ = {isa = PBXBuildFile; fileRef = 5A4E2CD91D11411B00FB7C96 /* Info.plist */; };
		5A4E2CDF1D11411B00FB7C96 /* PullToRefreshExtension.swift in Sources */ = {isa = PBXBuildFile; fileRef = 5A4E2CDA1D11411B00FB7C96 /* PullToRefreshExtension.swift */; };
		5A4E2CE01D11411B00FB7C96 /* PullToRefreshView.swift in Sources */ = {isa = PBXBuildFile; fileRef = 5A4E2CDB1D11411B00FB7C96 /* PullToRefreshView.swift */; };
		5A4E2CE41D1169E600FB7C96 /* CustomRefreshView.swift in Sources */ = {isa = PBXBuildFile; fileRef = 5A4E2CE31D1169E600FB7C96 /* CustomRefreshView.swift */; };
		5A4E2CE61D1273A600FB7C96 /* navgation.storyboard in Resources */ = {isa = PBXBuildFile; fileRef = 5A4E2CE51D1273A600FB7C96 /* navgation.storyboard */; };
		5A4E2CE81D12749000FB7C96 /* NavigationViewController.swift in Sources */ = {isa = PBXBuildFile; fileRef = 5A4E2CE71D12749000FB7C96 /* NavigationViewController.swift */; };
		5A4E2CEA1D12778100FB7C96 /* NavigationViewController2.swift in Sources */ = {isa = PBXBuildFile; fileRef = 5A4E2CE91D12778100FB7C96 /* NavigationViewController2.swift */; };
		5A4E2CED1D14113300FB7C96 /* gouwuche@2x.png in Resources */ = {isa = PBXBuildFile; fileRef = 5A4E2CEB1D14113300FB7C96 /* gouwuche@2x.png */; };
		5A4E2CEE1D14113300FB7C96 /* gouwuche_1@2x.png in Resources */ = {isa = PBXBuildFile; fileRef = 5A4E2CEC1D14113300FB7C96 /* gouwuche_1@2x.png */; };
		5A58370C1CC482CB00D175FA /* AppDelegate.swift in Sources */ = {isa = PBXBuildFile; fileRef = 5A58370B1CC482CB00D175FA /* AppDelegate.swift */; };
		5A58370E1CC482CB00D175FA /* ViewController.swift in Sources */ = {isa = PBXBuildFile; fileRef = 5A58370D1CC482CB00D175FA /* ViewController.swift */; };
		5A5837111CC482CB00D175FA /* Main.storyboard in Resources */ = {isa = PBXBuildFile; fileRef = 5A58370F1CC482CB00D175FA /* Main.storyboard */; };
		5A5837141CC482CB00D175FA /* Todolist.xcdatamodeld in Sources */ = {isa = PBXBuildFile; fileRef = 5A5837121CC482CB00D175FA /* Todolist.xcdatamodeld */; };
		5A5837161CC482CB00D175FA /* Assets.xcassets in Resources */ = {isa = PBXBuildFile; fileRef = 5A5837151CC482CB00D175FA /* Assets.xcassets */; };
		5A5837191CC482CB00D175FA /* LaunchScreen.storyboard in Resources */ = {isa = PBXBuildFile; fileRef = 5A5837171CC482CB00D175FA /* LaunchScreen.storyboard */; };
		5A5837271CC48B2800D175FA /* TableViewController.swift in Sources */ = {isa = PBXBuildFile; fileRef = 5A5837261CC48B2800D175FA /* TableViewController.swift */; };
		5A5D32F11D05715500F2B103 /* NotificationCenter.framework in Frameworks */ = {isa = PBXBuildFile; fileRef = 5A5D32F01D05715500F2B103 /* NotificationCenter.framework */; };
		5A5D32F41D05715500F2B103 /* TodayViewController.swift in Sources */ = {isa = PBXBuildFile; fileRef = 5A5D32F31D05715500F2B103 /* TodayViewController.swift */; };
		5A5D32F71D05715500F2B103 /* MainInterface.storyboard in Resources */ = {isa = PBXBuildFile; fileRef = 5A5D32F51D05715500F2B103 /* MainInterface.storyboard */; };
		5A5D32FB1D05715500F2B103 /* TodolistToday.appex in Embed App Extensions */ = {isa = PBXBuildFile; fileRef = 5A5D32EF1D05715500F2B103 /* TodolistToday.appex */; settings = {ATTRIBUTES = (RemoveHeadersOnCopy, ); }; };
		5A69CDC11CD9CBA3005C8351 /* CollectionViewController.swift in Sources */ = {isa = PBXBuildFile; fileRef = 5A69CDC01CD9CBA3005C8351 /* CollectionViewController.swift */; };
		5AA4BF7E1D0D569400A3BD07 /* TabViewController.swift in Sources */ = {isa = PBXBuildFile; fileRef = 5AA4BF7D1D0D569400A3BD07 /* TabViewController.swift */; };
		5AA953911CD1FD29009B9ABA /* TableViewController3.swift in Sources */ = {isa = PBXBuildFile; fileRef = 5AA953901CD1FD29009B9ABA /* TableViewController3.swift */; };
		5AB8DBB11D0E64CD00CA21E6 /* CustomRefreshViewController.swift in Sources */ = {isa = PBXBuildFile; fileRef = 5AB8DBAF1D0E64CD00CA21E6 /* CustomRefreshViewController.swift */; };
		5AB8DBB21D0E64CD00CA21E6 /* RefreshView.xib in Resources */ = {isa = PBXBuildFile; fileRef = 5AB8DBB01D0E64CD00CA21E6 /* RefreshView.xib */; };
		5AB8DBBC1D10348100CA21E6 /* BallView.swift in Sources */ = {isa = PBXBuildFile; fileRef = 5AB8DBB71D10348100CA21E6 /* BallView.swift */; };
		5AB8DBBD1D10348100CA21E6 /* BounceView.swift in Sources */ = {isa = PBXBuildFile; fileRef = 5AB8DBB81D10348100CA21E6 /* BounceView.swift */; };
		5AB8DBBF1D10348100CA21E6 /* PullToBounceWrapper.swift in Sources */ = {isa = PBXBuildFile; fileRef = 5AB8DBBA1D10348100CA21E6 /* PullToBounceWrapper.swift */; };
		5AB8DBC01D10348100CA21E6 /* WaveView.swift in Sources */ = {isa = PBXBuildFile; fileRef = 5AB8DBBB1D10348100CA21E6 /* WaveView.swift */; };
		5AB8DBC41D10358E00CA21E6 /* CGRectEx.swift in Sources */ = {isa = PBXBuildFile; fileRef = 5AB8DBC21D10358E00CA21E6 /* CGRectEx.swift */; };
		5AB8DBC51D10358E00CA21E6 /* NSTimerEx.swift in Sources */ = {isa = PBXBuildFile; fileRef = 5AB8DBC31D10358E00CA21E6 /* NSTimerEx.swift */; };
		5AF4301A1CCDC6960029C21C /* ImageViewController.swift in Sources */ = {isa = PBXBuildFile; fileRef = 5AF430191CCDC6960029C21C /* ImageViewController.swift */; };
		5AF4301C1CCDEDB50029C21C /* AlertDemoViewController.swift in Sources */ = {isa = PBXBuildFile; fileRef = 5AF4301B1CCDEDB50029C21C /* AlertDemoViewController.swift */; };
		5AF4301E1CCF30D90029C21C /* webStoryboard.storyboard in Resources */ = {isa = PBXBuildFile; fileRef = 5AF4301D1CCF30D90029C21C /* webStoryboard.storyboard */; };
		5AF430201CCF3E210029C21C /* WebViewController.swift in Sources */ = {isa = PBXBuildFile; fileRef = 5AF4301F1CCF3E210029C21C /* WebViewController.swift */; };
		5AF430221CD0ADDF0029C21C /* TableViewController2.swift in Sources */ = {isa = PBXBuildFile; fileRef = 5AF430211CD0ADDF0029C21C /* TableViewController2.swift */; };
		A5710E7975328038D9708381 /* Pods_Todolist.framework in Frameworks */ = {isa = PBXBuildFile; fileRef = 5B8494D344F29363441D479C /* Pods_Todolist.framework */; };
/* End PBXBuildFile section */

/* Begin PBXContainerItemProxy section */
		5A5D32F91D05715500F2B103 /* PBXContainerItemProxy */ = {
			isa = PBXContainerItemProxy;
			containerPortal = 5A5837001CC482CB00D175FA /* Project object */;
			proxyType = 1;
			remoteGlobalIDString = 5A5D32EE1D05715500F2B103;
			remoteInfo = TodolistToday;
		};
/* End PBXContainerItemProxy section */

/* Begin PBXCopyFilesBuildPhase section */
		5A5D32FF1D05715500F2B103 /* Embed App Extensions */ = {
			isa = PBXCopyFilesBuildPhase;
			buildActionMask = 2147483647;
			dstPath = "";
			dstSubfolderSpec = 13;
			files = (
				5A5D32FB1D05715500F2B103 /* TodolistToday.appex in Embed App Extensions */,
			);
			name = "Embed App Extensions";
			runOnlyForDeploymentPostprocessing = 0;
		};
/* End PBXCopyFilesBuildPhase section */

/* Begin PBXFileReference section */
		3477832E65AB6A04E35517CB /* Pods-Todolist.release.xcconfig */ = {isa = PBXFileReference; includeInIndex = 1; lastKnownFileType = text.xcconfig; name = "Pods-Todolist.release.xcconfig"; path = "Pods/Target Support Files/Pods-Todolist/Pods-Todolist.release.xcconfig"; sourceTree = "<group>"; };
		5A4E2CD81D11411B00FB7C96 /* Animator.swift */ = {isa = PBXFileReference; fileEncoding = 4; lastKnownFileType = sourcecode.swift; path = Animator.swift; sourceTree = "<group>"; };
		5A4E2CD91D11411B00FB7C96 /* Info.plist */ = {isa = PBXFileReference; fileEncoding = 4; lastKnownFileType = text.plist.xml; path = Info.plist; sourceTree = "<group>"; };
		5A4E2CDA1D11411B00FB7C96 /* PullToRefreshExtension.swift */ = {isa = PBXFileReference; fileEncoding = 4; lastKnownFileType = sourcecode.swift; path = PullToRefreshExtension.swift; sourceTree = "<group>"; };
		5A4E2CDB1D11411B00FB7C96 /* PullToRefreshView.swift */ = {isa = PBXFileReference; fileEncoding = 4; lastKnownFileType = sourcecode.swift; path = PullToRefreshView.swift; sourceTree = "<group>"; };
		5A4E2CDC1D11411B00FB7C96 /* Refresher.h */ = {isa = PBXFileReference; fileEncoding = 4; lastKnownFileType = sourcecode.c.h; path = Refresher.h; sourceTree = "<group>"; };
		5A4E2CE31D1169E600FB7C96 /* CustomRefreshView.swift */ = {isa = PBXFileReference; fileEncoding = 4; lastKnownFileType = sourcecode.swift; path = CustomRefreshView.swift; sourceTree = "<group>"; };
		5A4E2CE51D1273A600FB7C96 /* navgation.storyboard */ = {isa = PBXFileReference; fileEncoding = 4; lastKnownFileType = file.storyboard; name = navgation.storyboard; path = ../navgation.storyboard; sourceTree = "<group>"; };
		5A4E2CE71D12749000FB7C96 /* NavigationViewController.swift */ = {isa = PBXFileReference; fileEncoding = 4; lastKnownFileType = sourcecode.swift; path = NavigationViewController.swift; sourceTree = "<group>"; };
		5A4E2CE91D12778100FB7C96 /* NavigationViewController2.swift */ = {isa = PBXFileReference; fileEncoding = 4; lastKnownFileType = sourcecode.swift; path = NavigationViewController2.swift; sourceTree = "<group>"; };
		5A4E2CEB1D14113300FB7C96 /* gouwuche@2x.png */ = {isa = PBXFileReference; lastKnownFileType = image.png; path = "gouwuche@2x.png"; sourceTree = "<group>"; };
		5A4E2CEC1D14113300FB7C96 /* gouwuche_1@2x.png */ = {isa = PBXFileReference; lastKnownFileType = image.png; path = "gouwuche_1@2x.png"; sourceTree = "<group>"; };
		5A5837081CC482CB00D175FA /* Todolist.app */ = {isa = PBXFileReference; explicitFileType = wrapper.application; includeInIndex = 0; path = Todolist.app; sourceTree = BUILT_PRODUCTS_DIR; };
		5A58370B1CC482CB00D175FA /* AppDelegate.swift */ = {isa = PBXFileReference; lastKnownFileType = sourcecode.swift; path = AppDelegate.swift; sourceTree = "<group>"; };
		5A58370D1CC482CB00D175FA /* ViewController.swift */ = {isa = PBXFileReference; lastKnownFileType = sourcecode.swift; path = ViewController.swift; sourceTree = "<group>"; };
		5A5837101CC482CB00D175FA /* Base */ = {isa = PBXFileReference; lastKnownFileType = file.storyboard; name = Base; path = Base.lproj/Main.storyboard; sourceTree = "<group>"; };
		5A5837131CC482CB00D175FA /* Todolist.xcdatamodel */ = {isa = PBXFileReference; lastKnownFileType = wrapper.xcdatamodel; path = Todolist.xcdatamodel; sourceTree = "<group>"; };
		5A5837151CC482CB00D175FA /* Assets.xcassets */ = {isa = PBXFileReference; lastKnownFileType = folder.assetcatalog; path = Assets.xcassets; sourceTree = "<group>"; };
		5A5837181CC482CB00D175FA /* Base */ = {isa = PBXFileReference; lastKnownFileType = file.storyboard; name = Base; path = Base.lproj/LaunchScreen.storyboard; sourceTree = "<group>"; };
		5A58371A1CC482CB00D175FA /* Info.plist */ = {isa = PBXFileReference; lastKnownFileType = text.plist.xml; path = Info.plist; sourceTree = "<group>"; };
		5A5837261CC48B2800D175FA /* TableViewController.swift */ = {isa = PBXFileReference; fileEncoding = 4; lastKnownFileType = sourcecode.swift; path = TableViewController.swift; sourceTree = "<group>"; };
		5A5837281CC4C7BA00D175FA /* MyPlayground.playground */ = {isa = PBXFileReference; lastKnownFileType = file.playground; path = MyPlayground.playground; sourceTree = "<group>"; };
		5A5D32EF1D05715500F2B103 /* TodolistToday.appex */ = {isa = PBXFileReference; explicitFileType = "wrapper.app-extension"; includeInIndex = 0; path = TodolistToday.appex; sourceTree = BUILT_PRODUCTS_DIR; };
		5A5D32F01D05715500F2B103 /* NotificationCenter.framework */ = {isa = PBXFileReference; lastKnownFileType = wrapper.framework; name = NotificationCenter.framework; path = System/Library/Frameworks/NotificationCenter.framework; sourceTree = SDKROOT; };
		5A5D32F31D05715500F2B103 /* TodayViewController.swift */ = {isa = PBXFileReference; lastKnownFileType = sourcecode.swift; path = TodayViewController.swift; sourceTree = "<group>"; };
		5A5D32F61D05715500F2B103 /* Base */ = {isa = PBXFileReference; lastKnownFileType = file.storyboard; name = Base; path = Base.lproj/MainInterface.storyboard; sourceTree = "<group>"; };
		5A5D32F81D05715500F2B103 /* Info.plist */ = {isa = PBXFileReference; lastKnownFileType = text.plist.xml; path = Info.plist; sourceTree = "<group>"; };
		5A69CDC01CD9CBA3005C8351 /* CollectionViewController.swift */ = {isa = PBXFileReference; fileEncoding = 4; lastKnownFileType = sourcecode.swift; path = CollectionViewController.swift; sourceTree = "<group>"; };
		5AA4BF7D1D0D569400A3BD07 /* TabViewController.swift */ = {isa = PBXFileReference; fileEncoding = 4; lastKnownFileType = sourcecode.swift; path = TabViewController.swift; sourceTree = "<group>"; };
		5AA953901CD1FD29009B9ABA /* TableViewController3.swift */ = {isa = PBXFileReference; fileEncoding = 4; lastKnownFileType = sourcecode.swift; path = TableViewController3.swift; sourceTree = "<group>"; };
		5AB8DBAF1D0E64CD00CA21E6 /* CustomRefreshViewController.swift */ = {isa = PBXFileReference; fileEncoding = 4; lastKnownFileType = sourcecode.swift; path = CustomRefreshViewController.swift; sourceTree = "<group>"; };
		5AB8DBB01D0E64CD00CA21E6 /* RefreshView.xib */ = {isa = PBXFileReference; fileEncoding = 4; lastKnownFileType = file.xib; path = RefreshView.xib; sourceTree = "<group>"; };
		5AB8DBB71D10348100CA21E6 /* BallView.swift */ = {isa = PBXFileReference; fileEncoding = 4; lastKnownFileType = sourcecode.swift; name = BallView.swift; path = Source/BallView.swift; sourceTree = "<group>"; };
		5AB8DBB81D10348100CA21E6 /* BounceView.swift */ = {isa = PBXFileReference; fileEncoding = 4; lastKnownFileType = sourcecode.swift; name = BounceView.swift; path = Source/BounceView.swift; sourceTree = "<group>"; };
		5AB8DBBA1D10348100CA21E6 /* PullToBounceWrapper.swift */ = {isa = PBXFileReference; fileEncoding = 4; lastKnownFileType = sourcecode.swift; name = PullToBounceWrapper.swift; path = Source/PullToBounceWrapper.swift; sourceTree = "<group>"; };
		5AB8DBBB1D10348100CA21E6 /* WaveView.swift */ = {isa = PBXFileReference; fileEncoding = 4; lastKnownFileType = sourcecode.swift; name = WaveView.swift; path = Source/WaveView.swift; sourceTree = "<group>"; };
		5AB8DBC21D10358E00CA21E6 /* CGRectEx.swift */ = {isa = PBXFileReference; fileEncoding = 4; lastKnownFileType = sourcecode.swift; name = CGRectEx.swift; path = Source/helper/CGRectEx.swift; sourceTree = "<group>"; };
		5AB8DBC31D10358E00CA21E6 /* NSTimerEx.swift */ = {isa = PBXFileReference; fileEncoding = 4; lastKnownFileType = sourcecode.swift; name = NSTimerEx.swift; path = Source/helper/NSTimerEx.swift; sourceTree = "<group>"; };
		5AF430191CCDC6960029C21C /* ImageViewController.swift */ = {isa = PBXFileReference; fileEncoding = 4; lastKnownFileType = sourcecode.swift; path = ImageViewController.swift; sourceTree = "<group>"; };
		5AF4301B1CCDEDB50029C21C /* AlertDemoViewController.swift */ = {isa = PBXFileReference; fileEncoding = 4; lastKnownFileType = sourcecode.swift; name = AlertDemoViewController.swift; path = ../AlertDemoViewController.swift; sourceTree = "<group>"; };
		5AF4301D1CCF30D90029C21C /* webStoryboard.storyboard */ = {isa = PBXFileReference; fileEncoding = 4; lastKnownFileType = file.storyboard; name = webStoryboard.storyboard; path = ../webStoryboard.storyboard; sourceTree = "<group>"; };
		5AF4301F1CCF3E210029C21C /* WebViewController.swift */ = {isa = PBXFileReference; fileEncoding = 4; lastKnownFileType = sourcecode.swift; path = WebViewController.swift; sourceTree = "<group>"; };
		5AF430211CD0ADDF0029C21C /* TableViewController2.swift */ = {isa = PBXFileReference; fileEncoding = 4; lastKnownFileType = sourcecode.swift; name = TableViewController2.swift; path = ../TableViewController2.swift; sourceTree = "<group>"; };
		5B8494D344F29363441D479C /* Pods_Todolist.framework */ = {isa = PBXFileReference; explicitFileType = wrapper.framework; includeInIndex = 0; path = Pods_Todolist.framework; sourceTree = BUILT_PRODUCTS_DIR; };
		B83EB3AE36F04D92BD518BE0 /* Pods-Todolist.debug.xcconfig */ = {isa = PBXFileReference; includeInIndex = 1; lastKnownFileType = text.xcconfig; name = "Pods-Todolist.debug.xcconfig"; path = "Pods/Target Support Files/Pods-Todolist/Pods-Todolist.debug.xcconfig"; sourceTree = "<group>"; };
/* End PBXFileReference section */

/* Begin PBXFrameworksBuildPhase section */
		5A5837051CC482CB00D175FA /* Frameworks */ = {
			isa = PBXFrameworksBuildPhase;
			buildActionMask = 2147483647;
			files = (
				A5710E7975328038D9708381 /* Pods_Todolist.framework in Frameworks */,
			);
			runOnlyForDeploymentPostprocessing = 0;
		};
		5A5D32EC1D05715500F2B103 /* Frameworks */ = {
			isa = PBXFrameworksBuildPhase;
			buildActionMask = 2147483647;
			files = (
				5A5D32F11D05715500F2B103 /* NotificationCenter.framework in Frameworks */,
			);
			runOnlyForDeploymentPostprocessing = 0;
		};
/* End PBXFrameworksBuildPhase section */

/* Begin PBXGroup section */
		4CE00F7F0C71A639249B02EB /* Frameworks */ = {
			isa = PBXGroup;
			children = (
				5B8494D344F29363441D479C /* Pods_Todolist.framework */,
				5A5D32F01D05715500F2B103 /* NotificationCenter.framework */,
			);
			name = Frameworks;
			sourceTree = "<group>";
		};
		5A4E2CD71D11411B00FB7C96 /* Refresher */ = {
			isa = PBXGroup;
			children = (
				5A4E2CD81D11411B00FB7C96 /* Animator.swift */,
				5A4E2CD91D11411B00FB7C96 /* Info.plist */,
				5A4E2CDA1D11411B00FB7C96 /* PullToRefreshExtension.swift */,
				5A4E2CDB1D11411B00FB7C96 /* PullToRefreshView.swift */,
				5A4E2CDC1D11411B00FB7C96 /* Refresher.h */,
			);
			path = Refresher;
			sourceTree = "<group>";
		};
		5A5836FF1CC482CB00D175FA = {
			isa = PBXGroup;
			children = (
				5A4E2CD71D11411B00FB7C96 /* Refresher */,
				5AB8DBB61D10340400CA21E6 /* refresh */,
				5A58370A1CC482CB00D175FA /* Todolist */,
				5A5D32F21D05715500F2B103 /* TodolistToday */,
				5A5837091CC482CB00D175FA /* Products */,
				7440A983FA2AF44C0D3C9EFF /* Pods */,
				4CE00F7F0C71A639249B02EB /* Frameworks */,
			);
			sourceTree = "<group>";
		};
		5A5837091CC482CB00D175FA /* Products */ = {
			isa = PBXGroup;
			children = (
				5A5837081CC482CB00D175FA /* Todolist.app */,
				5A5D32EF1D05715500F2B103 /* TodolistToday.appex */,
			);
			name = Products;
			sourceTree = "<group>";
		};
		5A58370A1CC482CB00D175FA /* Todolist */ = {
			isa = PBXGroup;
			children = (
				5A4E2CE31D1169E600FB7C96 /* CustomRefreshView.swift */,
				5A58370B1CC482CB00D175FA /* AppDelegate.swift */,
				5A58370D1CC482CB00D175FA /* ViewController.swift */,
				5A5837261CC48B2800D175FA /* TableViewController.swift */,
				5AF430211CD0ADDF0029C21C /* TableViewController2.swift */,
				5AA953901CD1FD29009B9ABA /* TableViewController3.swift */,
				5AF430191CCDC6960029C21C /* ImageViewController.swift */,
				5AF4301B1CCDEDB50029C21C /* AlertDemoViewController.swift */,
				5AF4301F1CCF3E210029C21C /* WebViewController.swift */,
				5A69CDC01CD9CBA3005C8351 /* CollectionViewController.swift */,
				5A58370F1CC482CB00D175FA /* Main.storyboard */,
				5AF4301D1CCF30D90029C21C /* webStoryboard.storyboard */,
				5A4E2CE51D1273A600FB7C96 /* navgation.storyboard */,
				5A4E2CE71D12749000FB7C96 /* NavigationViewController.swift */,
				5A4E2CE91D12778100FB7C96 /* NavigationViewController2.swift */,
				5AA4BF7D1D0D569400A3BD07 /* TabViewController.swift */,
				5A5837151CC482CB00D175FA /* Assets.xcassets */,
				5A4E2CEB1D14113300FB7C96 /* gouwuche@2x.png */,
				5A4E2CEC1D14113300FB7C96 /* gouwuche_1@2x.png */,
				5A5837171CC482CB00D175FA /* LaunchScreen.storyboard */,
				5A58371A1CC482CB00D175FA /* Info.plist */,
				5A5837121CC482CB00D175FA /* Todolist.xcdatamodeld */,
				5A5837281CC4C7BA00D175FA /* MyPlayground.playground */,
				5AB8DBAF1D0E64CD00CA21E6 /* CustomRefreshViewController.swift */,
				5AB8DBB01D0E64CD00CA21E6 /* RefreshView.xib */,
			);
			path = Todolist;
			sourceTree = "<group>";
		};
		5A5D32F21D05715500F2B103 /* TodolistToday */ = {
			isa = PBXGroup;
			children = (
				5A5D32F31D05715500F2B103 /* TodayViewController.swift */,
				5A5D32F51D05715500F2B103 /* MainInterface.storyboard */,
				5A5D32F81D05715500F2B103 /* Info.plist */,
			);
			path = TodolistToday;
			sourceTree = "<group>";
		};
		5AB8DBB61D10340400CA21E6 /* refresh */ = {
			isa = PBXGroup;
			children = (
				5AB8DBC11D10357D00CA21E6 /* helper */,
				5AB8DBB71D10348100CA21E6 /* BallView.swift */,
				5AB8DBB81D10348100CA21E6 /* BounceView.swift */,
				5AB8DBBA1D10348100CA21E6 /* PullToBounceWrapper.swift */,
				5AB8DBBB1D10348100CA21E6 /* WaveView.swift */,
			);
			name = refresh;
			sourceTree = "<group>";
		};
		5AB8DBC11D10357D00CA21E6 /* helper */ = {
			isa = PBXGroup;
			children = (
				5AB8DBC21D10358E00CA21E6 /* CGRectEx.swift */,
				5AB8DBC31D10358E00CA21E6 /* NSTimerEx.swift */,
			);
			name = helper;
			sourceTree = "<group>";
		};
		7440A983FA2AF44C0D3C9EFF /* Pods */ = {
			isa = PBXGroup;
			children = (
				B83EB3AE36F04D92BD518BE0 /* Pods-Todolist.debug.xcconfig */,
				3477832E65AB6A04E35517CB /* Pods-Todolist.release.xcconfig */,
			);
			name = Pods;
			sourceTree = "<group>";
		};
/* End PBXGroup section */

/* Begin PBXNativeTarget section */
		5A5837071CC482CB00D175FA /* Todolist */ = {
			isa = PBXNativeTarget;
			buildConfigurationList = 5A58371D1CC482CB00D175FA /* Build configuration list for PBXNativeTarget "Todolist" */;
			buildPhases = (
				8BC9E32FCA3AA987CF0A39AB /* [CP] Check Pods Manifest.lock */,
				5A5837041CC482CB00D175FA /* Sources */,
				5A5837051CC482CB00D175FA /* Frameworks */,
				5A5837061CC482CB00D175FA /* Resources */,
				184C3739906015F21527B0D0 /* [CP] Embed Pods Frameworks */,
				785375DFF5F3FAF7F792A50F /* [CP] Copy Pods Resources */,
				5A5D32FF1D05715500F2B103 /* Embed App Extensions */,
			);
			buildRules = (
			);
			dependencies = (
				5A5D32FA1D05715500F2B103 /* PBXTargetDependency */,
			);
			name = Todolist;
			productName = Todolist;
			productReference = 5A5837081CC482CB00D175FA /* Todolist.app */;
			productType = "com.apple.product-type.application";
		};
		5A5D32EE1D05715500F2B103 /* TodolistToday */ = {
			isa = PBXNativeTarget;
			buildConfigurationList = 5A5D32FE1D05715500F2B103 /* Build configuration list for PBXNativeTarget "TodolistToday" */;
			buildPhases = (
				5A5D32EB1D05715500F2B103 /* Sources */,
				5A5D32EC1D05715500F2B103 /* Frameworks */,
				5A5D32ED1D05715500F2B103 /* Resources */,
			);
			buildRules = (
			);
			dependencies = (
			);
			name = TodolistToday;
			productName = TodolistToday;
			productReference = 5A5D32EF1D05715500F2B103 /* TodolistToday.appex */;
			productType = "com.apple.product-type.app-extension";
		};
/* End PBXNativeTarget section */

/* Begin PBXProject section */
		5A5837001CC482CB00D175FA /* Project object */ = {
			isa = PBXProject;
			attributes = {
				LastSwiftUpdateCheck = 0730;
				LastUpgradeCheck = 0710;
				ORGANIZATIONNAME = ttg;
				TargetAttributes = {
					5A5837071CC482CB00D175FA = {
						CreatedOnToolsVersion = 7.1;
						DevelopmentTeam = 8F4R5N7T3L;
					};
					5A5D32EE1D05715500F2B103 = {
						CreatedOnToolsVersion = 7.3;
						DevelopmentTeam = 8F4R5N7T3L;
					};
				};
			};
			buildConfigurationList = 5A5837031CC482CB00D175FA /* Build configuration list for PBXProject "Todolist" */;
			compatibilityVersion = "Xcode 3.2";
			developmentRegion = English;
			hasScannedForEncodings = 0;
			knownRegions = (
				en,
				Base,
			);
			mainGroup = 5A5836FF1CC482CB00D175FA;
			productRefGroup = 5A5837091CC482CB00D175FA /* Products */;
			projectDirPath = "";
			projectRoot = "";
			targets = (
				5A5837071CC482CB00D175FA /* Todolist */,
				5A5D32EE1D05715500F2B103 /* TodolistToday */,
			);
		};
/* End PBXProject section */

/* Begin PBXResourcesBuildPhase section */
		5A5837061CC482CB00D175FA /* Resources */ = {
			isa = PBXResourcesBuildPhase;
			buildActionMask = 2147483647;
			files = (
				5A5837191CC482CB00D175FA /* LaunchScreen.storyboard in Resources */,
				5A4E2CEE1D14113300FB7C96 /* gouwuche_1@2x.png in Resources */,
				5A4E2CE61D1273A600FB7C96 /* navgation.storyboard in Resources */,
				5AB8DBB21D0E64CD00CA21E6 /* RefreshView.xib in Resources */,
				5A4E2CED1D14113300FB7C96 /* gouwuche@2x.png in Resources */,
				5A4E2CDE1D11411B00FB7C96 /* Info.plist in Resources */,
				5A5837161CC482CB00D175FA /* Assets.xcassets in Resources */,
				5AF4301E1CCF30D90029C21C /* webStoryboard.storyboard in Resources */,
				5A5837111CC482CB00D175FA /* Main.storyboard in Resources */,
			);
			runOnlyForDeploymentPostprocessing = 0;
		};
		5A5D32ED1D05715500F2B103 /* Resources */ = {
			isa = PBXResourcesBuildPhase;
			buildActionMask = 2147483647;
			files = (
				5A5D32F71D05715500F2B103 /* MainInterface.storyboard in Resources */,
			);
			runOnlyForDeploymentPostprocessing = 0;
		};
/* End PBXResourcesBuildPhase section */

/* Begin PBXShellScriptBuildPhase section */
		184C3739906015F21527B0D0 /* [CP] Embed Pods Frameworks */ = {
			isa = PBXShellScriptBuildPhase;
			buildActionMask = 2147483647;
			files = (
			);
			inputPaths = (
			);
			name = "[CP] Embed Pods Frameworks";
			outputPaths = (
			);
			runOnlyForDeploymentPostprocessing = 0;
			shellPath = /bin/sh;
			shellScript = "\"${SRCROOT}/Pods/Target Support Files/Pods-Todolist/Pods-Todolist-frameworks.sh\"\n";
			showEnvVarsInLog = 0;
		};
		785375DFF5F3FAF7F792A50F /* [CP] Copy Pods Resources */ = {
			isa = PBXShellScriptBuildPhase;
			buildActionMask = 2147483647;
			files = (
			);
			inputPaths = (
			);
			name = "[CP] Copy Pods Resources";
			outputPaths = (
			);
			runOnlyForDeploymentPostprocessing = 0;
			shellPath = /bin/sh;
			shellScript = "\"${SRCROOT}/Pods/Target Support Files/Pods-Todolist/Pods-Todolist-resources.sh\"\n";
			showEnvVarsInLog = 0;
		};
		8BC9E32FCA3AA987CF0A39AB /* [CP] Check Pods Manifest.lock */ = {
			isa = PBXShellScriptBuildPhase;
			buildActionMask = 2147483647;
			files = (
			);
			inputPaths = (
			);
			name = "[CP] Check Pods Manifest.lock";
			outputPaths = (
			);
			runOnlyForDeploymentPostprocessing = 0;
			shellPath = /bin/sh;
			shellScript = "diff \"${PODS_ROOT}/../Podfile.lock\" \"${PODS_ROOT}/Manifest.lock\" > /dev/null\nif [[ $? != 0 ]] ; then\n    cat << EOM\nerror: The sandbox is not in sync with the Podfile.lock. Run 'pod install' or update your CocoaPods installation.\nEOM\n    exit 1\nfi\n";
			showEnvVarsInLog = 0;
		};
/* End PBXShellScriptBuildPhase section */

/* Begin PBXSourcesBuildPhase section */
		5A5837041CC482CB00D175FA /* Sources */ = {
			isa = PBXSourcesBuildPhase;
			buildActionMask = 2147483647;
			files = (
				5AB8DBBD1D10348100CA21E6 /* BounceView.swift in Sources */,
				5A5837141CC482CB00D175FA /* Todolist.xcdatamodeld in Sources */,
				5AB8DBC41D10358E00CA21E6 /* CGRectEx.swift in Sources */,
				5A4E2CDD1D11411B00FB7C96 /* Animator.swift in Sources */,
				5A4E2CE81D12749000FB7C96 /* NavigationViewController.swift in Sources */,
				5AB8DBBC1D10348100CA21E6 /* BallView.swift in Sources */,
				5A58370E1CC482CB00D175FA /* ViewController.swift in Sources */,
				5AF4301A1CCDC6960029C21C /* ImageViewController.swift in Sources */,
				5A4E2CDF1D11411B00FB7C96 /* PullToRefreshExtension.swift in Sources */,
				5A58370C1CC482CB00D175FA /* AppDelegate.swift in Sources */,
				5A69CDC11CD9CBA3005C8351 /* CollectionViewController.swift in Sources */,
				5A4E2CEA1D12778100FB7C96 /* NavigationViewController2.swift in Sources */,
				5AB8DBC01D10348100CA21E6 /* WaveView.swift in Sources */,
				5A4E2CE01D11411B00FB7C96 /* PullToRefreshView.swift in Sources */,
				5AA953911CD1FD29009B9ABA /* TableViewController3.swift in Sources */,
				5AA4BF7E1D0D569400A3BD07 /* TabViewController.swift in Sources */,
				5AF430201CCF3E210029C21C /* WebViewController.swift in Sources */,
				5AF4301C1CCDEDB50029C21C /* AlertDemoViewController.swift in Sources */,
				5AB8DBC51D10358E00CA21E6 /* NSTimerEx.swift in Sources */,
				5AF430221CD0ADDF0029C21C /* TableViewController2.swift in Sources */,
				5AB8DBBF1D10348100CA21E6 /* PullToBounceWrapper.swift in Sources */,
				5A4E2CE41D1169E600FB7C96 /* CustomRefreshView.swift in Sources */,
				5A5837271CC48B2800D175FA /* TableViewController.swift in Sources */,
				5AB8DBB11D0E64CD00CA21E6 /* CustomRefreshViewController.swift in Sources */,
			);
			runOnlyForDeploymentPostprocessing = 0;
		};
		5A5D32EB1D05715500F2B103 /* Sources */ = {
			isa = PBXSourcesBuildPhase;
			buildActionMask = 2147483647;
			files = (
				5A5D32F41D05715500F2B103 /* TodayViewController.swift in Sources */,
			);
			runOnlyForDeploymentPostprocessing = 0;
		};
/* End PBXSourcesBuildPhase section */

/* Begin PBXTargetDependency section */
		5A5D32FA1D05715500F2B103 /* PBXTargetDependency */ = {
			isa = PBXTargetDependency;
			target = 5A5D32EE1D05715500F2B103 /* TodolistToday */;
			targetProxy = 5A5D32F91D05715500F2B103 /* PBXContainerItemProxy */;
		};
/* End PBXTargetDependency section */

/* Begin PBXVariantGroup section */
		5A58370F1CC482CB00D175FA /* Main.storyboard */ = {
			isa = PBXVariantGroup;
			children = (
				5A5837101CC482CB00D175FA /* Base */,
			);
			name = Main.storyboard;
			sourceTree = "<group>";
		};
		5A5837171CC482CB00D175FA /* LaunchScreen.storyboard */ = {
			isa = PBXVariantGroup;
			children = (
				5A5837181CC482CB00D175FA /* Base */,
			);
			name = LaunchScreen.storyboard;
			sourceTree = "<group>";
		};
		5A5D32F51D05715500F2B103 /* MainInterface.storyboard */ = {
			isa = PBXVariantGroup;
			children = (
				5A5D32F61D05715500F2B103 /* Base */,
			);
			name = MainInterface.storyboard;
			sourceTree = "<group>";
		};
/* End PBXVariantGroup section */

/* Begin XCBuildConfiguration section */
		5A58371B1CC482CB00D175FA /* Debug */ = {
			isa = XCBuildConfiguration;
			buildSettings = {
				ALWAYS_SEARCH_USER_PATHS = NO;
				CLANG_CXX_LANGUAGE_STANDARD = "gnu++0x";
				CLANG_CXX_LIBRARY = "libc++";
				CLANG_ENABLE_MODULES = YES;
				CLANG_ENABLE_OBJC_ARC = YES;
				CLANG_WARN_BOOL_CONVERSION = YES;
				CLANG_WARN_CONSTANT_CONVERSION = YES;
				CLANG_WARN_DIRECT_OBJC_ISA_USAGE = YES_ERROR;
				CLANG_WARN_EMPTY_BODY = YES;
				CLANG_WARN_ENUM_CONVERSION = YES;
				CLANG_WARN_INT_CONVERSION = YES;
				CLANG_WARN_OBJC_ROOT_CLASS = YES_ERROR;
				CLANG_WARN_UNREACHABLE_CODE = YES;
				CLANG_WARN__DUPLICATE_METHOD_MATCH = YES;
				"CODE_SIGN_IDENTITY[sdk=iphoneos*]" = "iPhone Developer";
				COPY_PHASE_STRIP = NO;
				DEBUG_INFORMATION_FORMAT = dwarf;
				ENABLE_STRICT_OBJC_MSGSEND = YES;
				ENABLE_TESTABILITY = YES;
				GCC_C_LANGUAGE_STANDARD = gnu99;
				GCC_DYNAMIC_NO_PIC = NO;
				GCC_NO_COMMON_BLOCKS = YES;
				GCC_OPTIMIZATION_LEVEL = 0;
				GCC_PREPROCESSOR_DEFINITIONS = (
					"DEBUG=1",
					"$(inherited)",
				);
				GCC_WARN_64_TO_32_BIT_CONVERSION = YES;
				GCC_WARN_ABOUT_RETURN_TYPE = YES_ERROR;
				GCC_WARN_UNDECLARED_SELECTOR = YES;
				GCC_WARN_UNINITIALIZED_AUTOS = YES_AGGRESSIVE;
				GCC_WARN_UNUSED_FUNCTION = YES;
				GCC_WARN_UNUSED_VARIABLE = YES;
				IPHONEOS_DEPLOYMENT_TARGET = 9.1;
				MTL_ENABLE_DEBUG_INFO = YES;
				ONLY_ACTIVE_ARCH = YES;
				SDKROOT = iphoneos;
				SWIFT_OPTIMIZATION_LEVEL = "-Onone";
			};
			name = Debug;
		};
		5A58371C1CC482CB00D175FA /* Release */ = {
			isa = XCBuildConfiguration;
			buildSettings = {
				ALWAYS_SEARCH_USER_PATHS = NO;
				CLANG_CXX_LANGUAGE_STANDARD = "gnu++0x";
				CLANG_CXX_LIBRARY = "libc++";
				CLANG_ENABLE_MODULES = YES;
				CLANG_ENABLE_OBJC_ARC = YES;
				CLANG_WARN_BOOL_CONVERSION = YES;
				CLANG_WARN_CONSTANT_CONVERSION = YES;
				CLANG_WARN_DIRECT_OBJC_ISA_USAGE = YES_ERROR;
				CLANG_WARN_EMPTY_BODY = YES;
				CLANG_WARN_ENUM_CONVERSION = YES;
				CLANG_WARN_INT_CONVERSION = YES;
				CLANG_WARN_OBJC_ROOT_CLASS = YES_ERROR;
				CLANG_WARN_UNREACHABLE_CODE = YES;
				CLANG_WARN__DUPLICATE_METHOD_MATCH = YES;
				"CODE_SIGN_IDENTITY[sdk=iphoneos*]" = "iPhone Developer";
				COPY_PHASE_STRIP = NO;
				DEBUG_INFORMATION_FORMAT = "dwarf-with-dsym";
				ENABLE_NS_ASSERTIONS = NO;
				ENABLE_STRICT_OBJC_MSGSEND = YES;
				GCC_C_LANGUAGE_STANDARD = gnu99;
				GCC_NO_COMMON_BLOCKS = YES;
				GCC_WARN_64_TO_32_BIT_CONVERSION = YES;
				GCC_WARN_ABOUT_RETURN_TYPE = YES_ERROR;
				GCC_WARN_UNDECLARED_SELECTOR = YES;
				GCC_WARN_UNINITIALIZED_AUTOS = YES_AGGRESSIVE;
				GCC_WARN_UNUSED_FUNCTION = YES;
				GCC_WARN_UNUSED_VARIABLE = YES;
				IPHONEOS_DEPLOYMENT_TARGET = 9.1;
				MTL_ENABLE_DEBUG_INFO = NO;
				SDKROOT = iphoneos;
				VALIDATE_PRODUCT = YES;
			};
			name = Release;
		};
		5A58371E1CC482CB00D175FA /* Debug */ = {
			isa = XCBuildConfiguration;
			baseConfigurationReference = B83EB3AE36F04D92BD518BE0 /* Pods-Todolist.debug.xcconfig */;
			buildSettings = {
				ASSETCATALOG_COMPILER_APPICON_NAME = AppIcon;
				CODE_SIGN_IDENTITY = "iPhone Developer";
				"CODE_SIGN_IDENTITY[sdk=iphoneos*]" = "iPhone Developer";
				EMBEDDED_CONTENT_CONTAINS_SWIFT = YES;
				INFOPLIST_FILE = Todolist/Info.plist;
				IPHONEOS_DEPLOYMENT_TARGET = 9.1;
				LD_RUNPATH_SEARCH_PATHS = "$(inherited) @executable_path/Frameworks";
				PRODUCT_BUNDLE_IDENTIFIER = com.ttg.xujiaqiang.Todolist;
				PRODUCT_NAME = "$(TARGET_NAME)";
				PROVISIONING_PROFILE = "";
			};
			name = Debug;
		};
		5A58371F1CC482CB00D175FA /* Release */ = {
			isa = XCBuildConfiguration;
			baseConfigurationReference = 3477832E65AB6A04E35517CB /* Pods-Todolist.release.xcconfig */;
			buildSettings = {
				ASSETCATALOG_COMPILER_APPICON_NAME = AppIcon;
				CODE_SIGN_IDENTITY = "iPhone Developer";
				"CODE_SIGN_IDENTITY[sdk=iphoneos*]" = "iPhone Developer";
				EMBEDDED_CONTENT_CONTAINS_SWIFT = YES;
				INFOPLIST_FILE = Todolist/Info.plist;
				IPHONEOS_DEPLOYMENT_TARGET = 9.1;
				LD_RUNPATH_SEARCH_PATHS = "$(inherited) @executable_path/Frameworks";
				PRODUCT_BUNDLE_IDENTIFIER = com.ttg.xujiaqiang.Todolist;
				PRODUCT_NAME = "$(TARGET_NAME)";
				PROVISIONING_PROFILE = "";
			};
			name = Release;
		};
		5A5D32FC1D05715500F2B103 /* Debug */ = {
			isa = XCBuildConfiguration;
			buildSettings = {
				CLANG_ANALYZER_NONNULL = YES;
				CODE_SIGN_IDENTITY = "iPhone Developer";
				"CODE_SIGN_IDENTITY[sdk=iphoneos*]" = "iPhone Developer";
				INFOPLIST_FILE = TodolistToday/Info.plist;
				IPHONEOS_DEPLOYMENT_TARGET = 9.3;
				LD_RUNPATH_SEARCH_PATHS = "$(inherited) @executable_path/Frameworks @executable_path/../../Frameworks";
				PRODUCT_BUNDLE_IDENTIFIER = com.ttg.xujiaqiang.Todolist.TodolistToday;
				PRODUCT_NAME = "$(TARGET_NAME)";
				SKIP_INSTALL = YES;
			};
			name = Debug;
		};
		5A5D32FD1D05715500F2B103 /* Release */ = {
			isa = XCBuildConfiguration;
			buildSettings = {
				CLANG_ANALYZER_NONNULL = YES;
				CODE_SIGN_IDENTITY = "iPhone Developer";
				"CODE_SIGN_IDENTITY[sdk=iphoneos*]" = "iPhone Developer";
				INFOPLIST_FILE = TodolistToday/Info.plist;
				IPHONEOS_DEPLOYMENT_TARGET = 9.3;
				LD_RUNPATH_SEARCH_PATHS = "$(inherited) @executable_path/Frameworks @executable_path/../../Frameworks";
				PRODUCT_BUNDLE_IDENTIFIER = com.ttg.xujiaqiang.Todolist.TodolistToday;
				PRODUCT_NAME = "$(TARGET_NAME)";
				SKIP_INSTALL = YES;
			};
			name = Release;
		};
/* End XCBuildConfiguration section */

/* Begin XCConfigurationList section */
		5A5837031CC482CB00D175FA /* Build configuration list for PBXProject "Todolist" */ = {
			isa = XCConfigurationList;
			buildConfigurations = (
				5A58371B1CC482CB00D175FA /* Debug */,
				5A58371C1CC482CB00D175FA /* Release */,
			);
			defaultConfigurationIsVisible = 0;
			defaultConfigurationName = Release;
		};
		5A58371D1CC482CB00D175FA /* Build configuration list for PBXNativeTarget "Todolist" */ = {
			isa = XCConfigurationList;
			buildConfigurations = (
				5A58371E1CC482CB00D175FA /* Debug */,
				5A58371F1CC482CB00D175FA /* Release */,
			);
			defaultConfigurationIsVisible = 0;
			defaultConfigurationName = Release;
		};
		5A5D32FE1D05715500F2B103 /* Build configuration list for PBXNativeTarget "TodolistToday" */ = {
			isa = XCConfigurationList;
			buildConfigurations = (
				5A5D32FC1D05715500F2B103 /* Debug */,
				5A5D32FD1D05715500F2B103 /* Release */,
			);
			defaultConfigurationIsVisible = 0;
			defaultConfigurationName = Release;
		};
/* End XCConfigurationList section */

/* Begin XCVersionGroup section */
		5A5837121CC482CB00D175FA /* Todolist.xcdatamodeld */ = {
			isa = XCVersionGroup;
			children = (
				5A5837131CC482CB00D175FA /* Todolist.xcdatamodel */,
			);
			currentVersion = 5A5837131CC482CB00D175FA /* Todolist.xcdatamodel */;
			path = Todolist.xcdatamodeld;
			sourceTree = "<group>";
			versionGroupType = wrapper.xcdatamodel;
		};
/* End XCVersionGroup section */
	};
	rootObject = 5A5837001CC482CB00D175FA /* Project object */;
}
